
Microsoft Visual Studio Solution File, Format Version 12.00
# Visual Studio Version 17
VisualStudioVersion = 17.3.32901.215
MinimumVisualStudioVersion = 10.0.40219.1
Project("{9A19103F-16F7-4668-BE54-9A1E7A4F7556}") = "GuestBook.Library", "GuestBook.Library\GuestBook.Library.csproj", "{1DE1FA55-9D1C-47B8-AA58-0FCF20CA31DE}"
EndProject
Project("{9A19103F-16F7-4668-BE54-9A1E7A4F7556}") = "GuestBook", "GuestBook\GuestBook.csproj", "{348D8A49-FC84-49CD-8EDC-43E38F952E4B}"
EndProject
Project("{9A19103F-16F7-4668-BE54-9A1E7A4F7556}") = "GuestBook.Services", "GuestBook.Services\GuestBook.Services.csproj", "{0C460C6E-58A3-43B4-87CE-2B4AD799D039}"
EndProject
Global
	GlobalSection(SolutionConfigurationPlatforms) = preSolution
		Debug|Any CPU = Debug|Any CPU
		Release|Any CPU = Release|Any CPU
	EndGlobalSection
	GlobalSection(ProjectConfigurationPlatforms) = postSolution
		{1DE1FA55-9D1C-47B8-AA58-0FCF20CA31DE}.Debug|Any CPU.ActiveCfg = Debug|Any CPU
		{1DE1FA55-9D1C-47B8-AA58-0FCF20CA31DE}.Debug|Any CPU.Build.0 = Debug|Any CPU
		{1DE1FA55-9D1C-47B8-AA58-0FCF20CA31DE}.Release|Any CPU.ActiveCfg = Release|Any CPU
		{1DE1FA55-9D1C-47B8-AA58-0FCF20CA31DE}.Release|Any CPU.Build.0 = Release|Any CPU
		{348D8A49-FC84-49CD-8EDC-43E38F952E4B}.Debug|Any CPU.ActiveCfg = Debug|Any CPU
		{348D8A49-FC84-49CD-8EDC-43E38F952E4B}.Debug|Any CPU.Build.0 = Debug|Any CPU
		{348D8A49-FC84-49CD-8EDC-43E38F952E4B}.Release|Any CPU.ActiveCfg = Release|Any CPU
		{348D8A49-FC84-49CD-8EDC-43E38F952E4B}.Release|Any CPU.Build.0 = Release|Any CPU
		{0C460C6E-58A3-43B4-87CE-2B4AD799D039}.Debug|Any CPU.ActiveCfg = Debug|Any CPU
		{0C460C6E-58A3-43B4-87CE-2B4AD799D039}.Debug|Any CPU.Build.0 = Debug|Any CPU
		{0C460C6E-58A3-43B4-87CE-2B4AD799D039}.Release|Any CPU.ActiveCfg = Release|Any CPU
		{0C460C6E-58A3-43B4-87CE-2B4AD799D039}.Release|Any CPU.Build.0 = Release|Any CPU
	EndGlobalSection
	GlobalSection(SolutionProperties) = preSolution
		HideSolutionNode = FALSE
	EndGlobalSection
	GlobalSection(ExtensibilityGlobals) = postSolution
		SolutionGuid = {8A56B195-DAD9-4A3D-BD93-2C7943FD5FF7}
	EndGlobalSection
EndGlobal
